
Microsoft Visual Studio Solution File, Format Version 12.00
Project("{FAE04EC0-301F-11D3-BF4B-00C04F79EFBC}") = "Orion.App.Host", "Sources\Orion.App.Host\Orion.App.Host.csproj", "{35CF2034-F988-4050-857A-D52B704088B5}"
EndProject
Project("{FAE04EC0-301F-11D3-BF4B-00C04F79EFBC}") = "Orion.App.Dal.PostgreSql", "Sources\Orion.App.Dal.PostgreSql\Orion.App.Dal.PostgreSql.csproj", "{A90C2DC5-B667-4941-ADE5-B998DB27C3BD}"
EndProject
Project("{FAE04EC0-301F-11D3-BF4B-00C04F79EFBC}") = "Orion.App.Domain", "Sources\Orion.App.Domain\Orion.App.Domain.csproj", "{7DA7F5A5-B41B-46EB-BB45-59759E1CA8DB}"
EndProject
Project("{FAE04EC0-301F-11D3-BF4B-00C04F79EFBC}") = "Orion.App.Domain.UnitTests", "Sources\Orion.App.Domain.UnitTests\Orion.App.Domain.UnitTests.csproj", "{01516E87-F834-4633-B323-3AF095A8C88D}"
EndProject
Project("{FAE04EC0-301F-11D3-BF4B-00C04F79EFBC}") = "Orion.App.Integration.DataProvider", "Sources\Orion.App.Integration.DataProvider\Orion.App.Integration.DataProvider.csproj", "{0BF76165-D6CC-459F-AA88-38DE831EABFC}"
EndProject
Project("{FAE04EC0-301F-11D3-BF4B-00C04F79EFBC}") = "Orion.App.Services", "Sources\Orion.App.Services\Orion.App.Services.csproj", "{B7E7C1CE-BFF7-404B-B667-5750F1712E94}"
EndProject
Project("{FAE04EC0-301F-11D3-BF4B-00C04F79EFBC}") = "Orion.App.Integration.Hangfire", "Sources\Orion.App.Integration.Hangfire\Orion.App.Integration.Hangfire.csproj", "{A8087DB6-C23B-4499-A035-EFF5FD41B19D}"
EndProject
Project("{FAE04EC0-301F-11D3-BF4B-00C04F79EFBC}") = "Venus.Shared.Domain", "Sources\Venus.Shared.Domain\Venus.Shared.Domain.csproj", "{585D78E8-7212-4898-9E1B-82B225DC81BE}"
EndProject
Project("{FAE04EC0-301F-11D3-BF4B-00C04F79EFBC}") = "Venus.Shared.Infrastructure", "Sources\Venus.Shared.Infrastructure\Venus.Shared.Infrastructure.csproj", "{11746849-9359-4D66-B2FC-F6BCB3E9BDEB}"
EndProject
Project("{FAE04EC0-301F-11D3-BF4B-00C04F79EFBC}") = "Orion.Integration.Kafka", "Sources\Orion.Integration.Kafka\Orion.Integration.Kafka.csproj", "{57BA08A8-FF93-471E-AE47-8BD5CDA12830}"
EndProject
Global
	GlobalSection(SolutionConfigurationPlatforms) = preSolution
		Debug|Any CPU = Debug|Any CPU
		Release|Any CPU = Release|Any CPU
	EndGlobalSection
	GlobalSection(ProjectConfigurationPlatforms) = postSolution
		{35CF2034-F988-4050-857A-D52B704088B5}.Debug|Any CPU.ActiveCfg = Debug|Any CPU
		{35CF2034-F988-4050-857A-D52B704088B5}.Debug|Any CPU.Build.0 = Debug|Any CPU
		{35CF2034-F988-4050-857A-D52B704088B5}.Release|Any CPU.ActiveCfg = Release|Any CPU
		{35CF2034-F988-4050-857A-D52B704088B5}.Release|Any CPU.Build.0 = Release|Any CPU
		{A90C2DC5-B667-4941-ADE5-B998DB27C3BD}.Debug|Any CPU.ActiveCfg = Debug|Any CPU
		{A90C2DC5-B667-4941-ADE5-B998DB27C3BD}.Debug|Any CPU.Build.0 = Debug|Any CPU
		{A90C2DC5-B667-4941-ADE5-B998DB27C3BD}.Release|Any CPU.ActiveCfg = Release|Any CPU
		{A90C2DC5-B667-4941-ADE5-B998DB27C3BD}.Release|Any CPU.Build.0 = Release|Any CPU
		{7DA7F5A5-B41B-46EB-BB45-59759E1CA8DB}.Debug|Any CPU.ActiveCfg = Debug|Any CPU
		{7DA7F5A5-B41B-46EB-BB45-59759E1CA8DB}.Debug|Any CPU.Build.0 = Debug|Any CPU
		{7DA7F5A5-B41B-46EB-BB45-59759E1CA8DB}.Release|Any CPU.ActiveCfg = Release|Any CPU
		{7DA7F5A5-B41B-46EB-BB45-59759E1CA8DB}.Release|Any CPU.Build.0 = Release|Any CPU
		{01516E87-F834-4633-B323-3AF095A8C88D}.Debug|Any CPU.ActiveCfg = Debug|Any CPU
		{01516E87-F834-4633-B323-3AF095A8C88D}.Debug|Any CPU.Build.0 = Debug|Any CPU
		{01516E87-F834-4633-B323-3AF095A8C88D}.Release|Any CPU.ActiveCfg = Release|Any CPU
		{01516E87-F834-4633-B323-3AF095A8C88D}.Release|Any CPU.Build.0 = Release|Any CPU
		{0BF76165-D6CC-459F-AA88-38DE831EABFC}.Debug|Any CPU.ActiveCfg = Debug|Any CPU
		{0BF76165-D6CC-459F-AA88-38DE831EABFC}.Debug|Any CPU.Build.0 = Debug|Any CPU
		{0BF76165-D6CC-459F-AA88-38DE831EABFC}.Release|Any CPU.ActiveCfg = Release|Any CPU
		{0BF76165-D6CC-459F-AA88-38DE831EABFC}.Release|Any CPU.Build.0 = Release|Any CPU
		{B7E7C1CE-BFF7-404B-B667-5750F1712E94}.Debug|Any CPU.ActiveCfg = Debug|Any CPU
		{B7E7C1CE-BFF7-404B-B667-5750F1712E94}.Debug|Any CPU.Build.0 = Debug|Any CPU
		{B7E7C1CE-BFF7-404B-B667-5750F1712E94}.Release|Any CPU.ActiveCfg = Release|Any CPU
		{B7E7C1CE-BFF7-404B-B667-5750F1712E94}.Release|Any CPU.Build.0 = Release|Any CPU
		{A8087DB6-C23B-4499-A035-EFF5FD41B19D}.Debug|Any CPU.ActiveCfg = Debug|Any CPU
		{A8087DB6-C23B-4499-A035-EFF5FD41B19D}.Debug|Any CPU.Build.0 = Debug|Any CPU
		{A8087DB6-C23B-4499-A035-EFF5FD41B19D}.Release|Any CPU.ActiveCfg = Release|Any CPU
		{A8087DB6-C23B-4499-A035-EFF5FD41B19D}.Release|Any CPU.Build.0 = Release|Any CPU
		{585D78E8-7212-4898-9E1B-82B225DC81BE}.Debug|Any CPU.ActiveCfg = Debug|Any CPU
		{585D78E8-7212-4898-9E1B-82B225DC81BE}.Debug|Any CPU.Build.0 = Debug|Any CPU
		{585D78E8-7212-4898-9E1B-82B225DC81BE}.Release|Any CPU.ActiveCfg = Release|Any CPU
		{585D78E8-7212-4898-9E1B-82B225DC81BE}.Release|Any CPU.Build.0 = Release|Any CPU
		{11746849-9359-4D66-B2FC-F6BCB3E9BDEB}.Debug|Any CPU.ActiveCfg = Debug|Any CPU
		{11746849-9359-4D66-B2FC-F6BCB3E9BDEB}.Debug|Any CPU.Build.0 = Debug|Any CPU
		{11746849-9359-4D66-B2FC-F6BCB3E9BDEB}.Release|Any CPU.ActiveCfg = Release|Any CPU
		{11746849-9359-4D66-B2FC-F6BCB3E9BDEB}.Release|Any CPU.Build.0 = Release|Any CPU
		{57BA08A8-FF93-471E-AE47-8BD5CDA12830}.Debug|Any CPU.ActiveCfg = Debug|Any CPU
		{57BA08A8-FF93-471E-AE47-8BD5CDA12830}.Debug|Any CPU.Build.0 = Debug|Any CPU
		{57BA08A8-FF93-471E-AE47-8BD5CDA12830}.Release|Any CPU.ActiveCfg = Release|Any CPU
		{57BA08A8-FF93-471E-AE47-8BD5CDA12830}.Release|Any CPU.Build.0 = Release|Any CPU
	EndGlobalSection
EndGlobal
